
Microsoft Visual Studio Solution File, Format Version 12.00
Project("{FAE04EC0-301F-11D3-BF4B-00C04F79EFBC}") = "DiceRoll", "DiceRoll\DiceRoll.csproj", "{6A0045DA-59D0-431B-8E21-99637E5D7884}"
EndProject
Project("{FAE04EC0-301F-11D3-BF4B-00C04F79EFBC}") = "DiceRollCore", "DiceRollCore\DiceRollCore.csproj", "{07B66A72-5536-4EAD-B42A-141A97A7F9EF}"
EndProject
Global
	GlobalSection(SolutionConfigurationPlatforms) = preSolution
		Debug|Any CPU = Debug|Any CPU
		Release|Any CPU = Release|Any CPU
	EndGlobalSection
	GlobalSection(ProjectConfigurationPlatforms) = postSolution
		{6A0045DA-59D0-431B-8E21-99637E5D7884}.Debug|Any CPU.ActiveCfg = Debug|Any CPU
		{6A0045DA-59D0-431B-8E21-99637E5D7884}.Debug|Any CPU.Build.0 = Debug|Any CPU
		{6A0045DA-59D0-431B-8E21-99637E5D7884}.Release|Any CPU.ActiveCfg = Release|Any CPU
		{6A0045DA-59D0-431B-8E21-99637E5D7884}.Release|Any CPU.Build.0 = Release|Any CPU
		{07B66A72-5536-4EAD-B42A-141A97A7F9EF}.Debug|Any CPU.ActiveCfg = Debug|Any CPU
		{07B66A72-5536-4EAD-B42A-141A97A7F9EF}.Debug|Any CPU.Build.0 = Debug|Any CPU
		{07B66A72-5536-4EAD-B42A-141A97A7F9EF}.Release|Any CPU.ActiveCfg = Release|Any CPU
		{07B66A72-5536-4EAD-B42A-141A97A7F9EF}.Release|Any CPU.Build.0 = Release|Any CPU
	EndGlobalSection
EndGlobal
